
Microsoft Visual Studio Solution File, Format Version 12.00
# Visual Studio Version 17
VisualStudioVersion = 17.13.35825.156 d17.13
MinimumVisualStudioVersion = 10.0.40219.1
Project("{8BC9CEB8-8B4A-11D0-8D11-00A0C91BC942}") = "projectdo45", "projectdo45\projectdo45.vcxproj", "{8F0CA8CE-E630-4FE7-A703-2451B3018152}"
EndProject
Global
	GlobalSection(SolutionConfigurationPlatforms) = preSolution
		Debug|x64 = Debug|x64
		Debug|x86 = Debug|x86
		Release|x64 = Release|x64
		Release|x86 = Release|x86
	EndGlobalSection
	GlobalSection(ProjectConfigurationPlatforms) = postSolution
		{8F0CA8CE-E630-4FE7-A703-2451B3018152}.Debug|x64.ActiveCfg = Debug|x64
		{8F0CA8CE-E630-4FE7-A703-2451B3018152}.Debug|x64.Build.0 = Debug|x64
		{8F0CA8CE-E630-4FE7-A703-2451B3018152}.Debug|x86.ActiveCfg = Debug|Win32
		{8F0CA8CE-E630-4FE7-A703-2451B3018152}.Debug|x86.Build.0 = Debug|Win32
		{8F0CA8CE-E630-4FE7-A703-2451B3018152}.Release|x64.ActiveCfg = Release|x64
		{8F0CA8CE-E630-4FE7-A703-2451B3018152}.Release|x64.Build.0 = Release|x64
		{8F0CA8CE-E630-4FE7-A703-2451B3018152}.Release|x86.ActiveCfg = Release|Win32
		{8F0CA8CE-E630-4FE7-A703-2451B3018152}.Release|x86.Build.0 = Release|Win32
	EndGlobalSection
	GlobalSection(SolutionProperties) = preSolution
		HideSolutionNode = FALSE
	EndGlobalSection
	GlobalSection(ExtensibilityGlobals) = postSolution
		SolutionGuid = {B4DD78A9-E77A-4BF7-8E39-992D1BAAAF9F}
	EndGlobalSection
EndGlobal
